
Microsoft Visual Studio Solution File, Format Version 12.00
# Visual Studio 15
VisualStudioVersion = 15.0.27130.2027
MinimumVisualStudioVersion = 10.0.40219.1
Project("{2150E333-8FDC-42A3-9474-1A3956D46DE8}") = "UI", "UI", "{3F277D16-8ABF-4A65-A021-60A1193CAB3B}"
EndProject
Project("{2150E333-8FDC-42A3-9474-1A3956D46DE8}") = "Infrastructure", "Infrastructure", "{9695CE6A-ABFB-4498-AB7E-0F9AD2586C47}"
EndProject
Project("{2150E333-8FDC-42A3-9474-1A3956D46DE8}") = "Core", "Core", "{1DC54637-8BD7-4354-9DCC-D0C4DCA4F12F}"
EndProject
Project("{9A19103F-16F7-4668-BE54-9A1E7A4F7556}") = "PetShop.Core.Entity", "PetShop.Core.Entity\PetShop.Core.Entity.csproj", "{50889C27-B9BD-450E-9B33-963A2E86CDDA}"
EndProject
Project("{9A19103F-16F7-4668-BE54-9A1E7A4F7556}") = "PetShop.Core", "PetShop.Core\PetShop.Core.csproj", "{FE0AC7F1-4661-4BC6-850C-DC77F102C465}"
EndProject
Project("{9A19103F-16F7-4668-BE54-9A1E7A4F7556}") = "PetShop.Infrastructure.Data", "PetShop.Infrastructure.Data\PetShop.Infrastructure.Data.csproj", "{7A5843ED-C04D-466A-AA29-7EB248A8AAAE}"
EndProject
Project("{9A19103F-16F7-4668-BE54-9A1E7A4F7556}") = "Petshop.ApiRest", "Petshop.ApiRest\Petshop.ApiRest.csproj", "{4CDF857F-F2A0-415C-BACE-265262F93662}"
EndProject
Global
	GlobalSection(SolutionConfigurationPlatforms) = preSolution
		Debug|Any CPU = Debug|Any CPU
		Release|Any CPU = Release|Any CPU
	EndGlobalSection
	GlobalSection(ProjectConfigurationPlatforms) = postSolution
		{50889C27-B9BD-450E-9B33-963A2E86CDDA}.Debug|Any CPU.ActiveCfg = Debug|Any CPU
		{50889C27-B9BD-450E-9B33-963A2E86CDDA}.Debug|Any CPU.Build.0 = Debug|Any CPU
		{50889C27-B9BD-450E-9B33-963A2E86CDDA}.Release|Any CPU.ActiveCfg = Release|Any CPU
		{50889C27-B9BD-450E-9B33-963A2E86CDDA}.Release|Any CPU.Build.0 = Release|Any CPU
		{FE0AC7F1-4661-4BC6-850C-DC77F102C465}.Debug|Any CPU.ActiveCfg = Debug|Any CPU
		{FE0AC7F1-4661-4BC6-850C-DC77F102C465}.Debug|Any CPU.Build.0 = Debug|Any CPU
		{FE0AC7F1-4661-4BC6-850C-DC77F102C465}.Release|Any CPU.ActiveCfg = Release|Any CPU
		{FE0AC7F1-4661-4BC6-850C-DC77F102C465}.Release|Any CPU.Build.0 = Release|Any CPU
		{7A5843ED-C04D-466A-AA29-7EB248A8AAAE}.Debug|Any CPU.ActiveCfg = Debug|Any CPU
		{7A5843ED-C04D-466A-AA29-7EB248A8AAAE}.Debug|Any CPU.Build.0 = Debug|Any CPU
		{7A5843ED-C04D-466A-AA29-7EB248A8AAAE}.Release|Any CPU.ActiveCfg = Release|Any CPU
		{7A5843ED-C04D-466A-AA29-7EB248A8AAAE}.Release|Any CPU.Build.0 = Release|Any CPU
		{4CDF857F-F2A0-415C-BACE-265262F93662}.Debug|Any CPU.ActiveCfg = Debug|Any CPU
		{4CDF857F-F2A0-415C-BACE-265262F93662}.Debug|Any CPU.Build.0 = Debug|Any CPU
		{4CDF857F-F2A0-415C-BACE-265262F93662}.Release|Any CPU.ActiveCfg = Release|Any CPU
		{4CDF857F-F2A0-415C-BACE-265262F93662}.Release|Any CPU.Build.0 = Release|Any CPU
	EndGlobalSection
	GlobalSection(SolutionProperties) = preSolution
		HideSolutionNode = FALSE
	EndGlobalSection
	GlobalSection(NestedProjects) = preSolution
		{50889C27-B9BD-450E-9B33-963A2E86CDDA} = {1DC54637-8BD7-4354-9DCC-D0C4DCA4F12F}
		{FE0AC7F1-4661-4BC6-850C-DC77F102C465} = {1DC54637-8BD7-4354-9DCC-D0C4DCA4F12F}
		{7A5843ED-C04D-466A-AA29-7EB248A8AAAE} = {9695CE6A-ABFB-4498-AB7E-0F9AD2586C47}
		{4CDF857F-F2A0-415C-BACE-265262F93662} = {3F277D16-8ABF-4A65-A021-60A1193CAB3B}
	EndGlobalSection
	GlobalSection(ExtensibilityGlobals) = postSolution
		SolutionGuid = {7804A9A2-4AA0-41B8-B539-AB57CDF0F673}
	EndGlobalSection
EndGlobal
